{
  "name": "MyResume",
  "lockfileVersion": 3,
  "requires": true,
  "packages": {
    "": {
      "dependencies": {
        "'": "file:awesome.me/kit-KIT_CODE@latest"
      }
    },
    "awesome.me/kit-KIT_CODE@latest": {},
    "node_modules/'": {
      "resolved": "awesome.me/kit-KIT_CODE@latest",
      "link": true
    }
  }
}
